// !$*UTF8*$!
{
	archiveVersion = 1;
	classes = {
	};
	objectVersion = 46;
	objects = {

/* Begin PBXBuildFile section */
		7D3FF3951E344C3800B6657B /* MovieManager.swift in Sources */ = {isa = PBXBuildFile; fileRef = 7D3FF3941E344C3800B6657B /* MovieManager.swift */; };
		7DD4058B1E2FFECF00943917 /* AppDelegate.swift in Sources */ = {isa = PBXBuildFile; fileRef = 7DD4058A1E2FFECF00943917 /* AppDelegate.swift */; };
		7DD4058D1E2FFECF00943917 /* ViewController.swift in Sources */ = {isa = PBXBuildFile; fileRef = 7DD4058C1E2FFECF00943917 /* ViewController.swift */; };
		7DD405901E2FFECF00943917 /* Main.storyboard in Resources */ = {isa = PBXBuildFile; fileRef = 7DD4058E1E2FFECF00943917 /* Main.storyboard */; };
		7DD405931E2FFECF00943917 /* DownloadingImages.xcdatamodeld in Sources */ = {isa = PBXBuildFile; fileRef = 7DD405911E2FFECF00943917 /* DownloadingImages.xcdatamodeld */; };
		7DD405951E2FFECF00943917 /* Assets.xcassets in Resources */ = {isa = PBXBuildFile; fileRef = 7DD405941E2FFECF00943917 /* Assets.xcassets */; };
		7DD405981E2FFECF00943917 /* LaunchScreen.storyboard in Resources */ = {isa = PBXBuildFile; fileRef = 7DD405961E2FFECF00943917 /* LaunchScreen.storyboard */; };
		7DD405A31E2FFECF00943917 /* DownloadingImagesTests.swift in Sources */ = {isa = PBXBuildFile; fileRef = 7DD405A21E2FFECF00943917 /* DownloadingImagesTests.swift */; };
		7DD405B31E30000200943917 /* CoreDataStack.swift in Sources */ = {isa = PBXBuildFile; fileRef = 7DD405B21E30000200943917 /* CoreDataStack.swift */; };
		7DD405B51E3003D000943917 /* MovieMethods.swift in Sources */ = {isa = PBXBuildFile; fileRef = 7DD405B41E3003D000943917 /* MovieMethods.swift */; };
		7DD405BB1E30148700943917 /* UIImageExtensions.swift in Sources */ = {isa = PBXBuildFile; fileRef = 7DD405BA1E30148700943917 /* UIImageExtensions.swift */; };
		7DD405BD1E30153C00943917 /* MovieView.xib in Resources */ = {isa = PBXBuildFile; fileRef = 7DD405BC1E30153C00943917 /* MovieView.xib */; };
		7DD405BF1E301F5200943917 /* MovieView.swift in Sources */ = {isa = PBXBuildFile; fileRef = 7DD405BE1E301F5200943917 /* MovieView.swift */; };
		7DD405C11E3023CD00943917 /* MovieResult.swift in Sources */ = {isa = PBXBuildFile; fileRef = 7DD405C01E3023CD00943917 /* MovieResult.swift */; };
		7DD405C31E310AF900943917 /* MovieAPIManager.swift in Sources */ = {isa = PBXBuildFile; fileRef = 7DD405C21E310AF900943917 /* MovieAPIManager.swift */; };
		7DD405C61E310BB800943917 /* MovieImageResult.swift in Sources */ = {isa = PBXBuildFile; fileRef = 7DD405C51E310BB800943917 /* MovieImageResult.swift */; };
/* End PBXBuildFile section */

/* Begin PBXContainerItemProxy section */
		7DD4059F1E2FFECF00943917 /* PBXContainerItemProxy */ = {
			isa = PBXContainerItemProxy;
			containerPortal = 7DD4057F1E2FFECF00943917 /* Project object */;
			proxyType = 1;
			remoteGlobalIDString = 7DD405861E2FFECF00943917;
			remoteInfo = DownloadingImages;
		};
/* End PBXContainerItemProxy section */

/* Begin PBXFileReference section */
		7D3FF3941E344C3800B6657B /* MovieManager.swift */ = {isa = PBXFileReference; fileEncoding = 4; lastKnownFileType = sourcecode.swift; path = MovieManager.swift; sourceTree = "<group>"; };
		7DD405871E2FFECF00943917 /* DownloadingImages.app */ = {isa = PBXFileReference; explicitFileType = wrapper.application; includeInIndex = 0; path = DownloadingImages.app; sourceTree = BUILT_PRODUCTS_DIR; };
		7DD4058A1E2FFECF00943917 /* AppDelegate.swift */ = {isa = PBXFileReference; lastKnownFileType = sourcecode.swift; path = AppDelegate.swift; sourceTree = "<group>"; };
		7DD4058C1E2FFECF00943917 /* ViewController.swift */ = {isa = PBXFileReference; lastKnownFileType = sourcecode.swift; path = ViewController.swift; sourceTree = "<group>"; };
		7DD4058F1E2FFECF00943917 /* Base */ = {isa = PBXFileReference; lastKnownFileType = file.storyboard; name = Base; path = Base.lproj/Main.storyboard; sourceTree = "<group>"; };
		7DD405921E2FFECF00943917 /* DownloadingImages.xcdatamodel */ = {isa = PBXFileReference; lastKnownFileType = wrapper.xcdatamodel; path = DownloadingImages.xcdatamodel; sourceTree = "<group>"; };
		7DD405941E2FFECF00943917 /* Assets.xcassets */ = {isa = PBXFileReference; lastKnownFileType = folder.assetcatalog; path = Assets.xcassets; sourceTree = "<group>"; };
		7DD405971E2FFECF00943917 /* Base */ = {isa = PBXFileReference; lastKnownFileType = file.storyboard; name = Base; path = Base.lproj/LaunchScreen.storyboard; sourceTree = "<group>"; };
		7DD405991E2FFECF00943917 /* Info.plist */ = {isa = PBXFileReference; lastKnownFileType = text.plist.xml; path = Info.plist; sourceTree = "<group>"; };
		7DD4059E1E2FFECF00943917 /* DownloadingImagesTests.xctest */ = {isa = PBXFileReference; explicitFileType = wrapper.cfbundle; includeInIndex = 0; path = DownloadingImagesTests.xctest; sourceTree = BUILT_PRODUCTS_DIR; };
		7DD405A21E2FFECF00943917 /* DownloadingImagesTests.swift */ = {isa = PBXFileReference; lastKnownFileType = sourcecode.swift; path = DownloadingImagesTests.swift; sourceTree = "<group>"; };
		7DD405A41E2FFECF00943917 /* Info.plist */ = {isa = PBXFileReference; lastKnownFileType = text.plist.xml; path = Info.plist; sourceTree = "<group>"; };
		7DD405B21E30000200943917 /* CoreDataStack.swift */ = {isa = PBXFileReference; fileEncoding = 4; lastKnownFileType = sourcecode.swift; path = CoreDataStack.swift; sourceTree = "<group>"; };
		7DD405B41E3003D000943917 /* MovieMethods.swift */ = {isa = PBXFileReference; fileEncoding = 4; lastKnownFileType = sourcecode.swift; path = MovieMethods.swift; sourceTree = "<group>"; };
		7DD405BA1E30148700943917 /* UIImageExtensions.swift */ = {isa = PBXFileReference; fileEncoding = 4; lastKnownFileType = sourcecode.swift; path = UIImageExtensions.swift; sourceTree = "<group>"; };
		7DD405BC1E30153C00943917 /* MovieView.xib */ = {isa = PBXFileReference; fileEncoding = 4; lastKnownFileType = file.xib; path = MovieView.xib; sourceTree = "<group>"; };
		7DD405BE1E301F5200943917 /* MovieView.swift */ = {isa = PBXFileReference; fileEncoding = 4; lastKnownFileType = sourcecode.swift; path = MovieView.swift; sourceTree = "<group>"; };
		7DD405C01E3023CD00943917 /* MovieResult.swift */ = {isa = PBXFileReference; fileEncoding = 4; lastKnownFileType = sourcecode.swift; path = MovieResult.swift; sourceTree = "<group>"; };
		7DD405C21E310AF900943917 /* MovieAPIManager.swift */ = {isa = PBXFileReference; fileEncoding = 4; lastKnownFileType = sourcecode.swift; path = MovieAPIManager.swift; sourceTree = "<group>"; };
		7DD405C51E310BB800943917 /* MovieImageResult.swift */ = {isa = PBXFileReference; fileEncoding = 4; lastKnownFileType = sourcecode.swift; path = MovieImageResult.swift; sourceTree = "<group>"; };
/* End PBXFileReference section */

/* Begin PBXFrameworksBuildPhase section */
		7DD405841E2FFECF00943917 /* Frameworks */ = {
			isa = PBXFrameworksBuildPhase;
			buildActionMask = 2147483647;
			files = (
			);
			runOnlyForDeploymentPostprocessing = 0;
		};
		7DD4059B1E2FFECF00943917 /* Frameworks */ = {
			isa = PBXFrameworksBuildPhase;
			buildActionMask = 2147483647;
			files = (
			);
			runOnlyForDeploymentPostprocessing = 0;
		};
/* End PBXFrameworksBuildPhase section */

/* Begin PBXGroup section */
		7DD4057E1E2FFECF00943917 = {
			isa = PBXGroup;
			children = (
				7DD405891E2FFECF00943917 /* DownloadingImages */,
				7DD405A11E2FFECF00943917 /* DownloadingImagesTests */,
				7DD405881E2FFECF00943917 /* Products */,
			);
			sourceTree = "<group>";
		};
		7DD405881E2FFECF00943917 /* Products */ = {
			isa = PBXGroup;
			children = (
				7DD405871E2FFECF00943917 /* DownloadingImages.app */,
				7DD4059E1E2FFECF00943917 /* DownloadingImagesTests.xctest */,
			);
			name = Products;
			sourceTree = "<group>";
		};
		7DD405891E2FFECF00943917 /* DownloadingImages */ = {
			isa = PBXGroup;
			children = (
				7DD405B11E2FFF4500943917 /* Models */,
				7DD405B01E2FFF1F00943917 /* ViewControllers */,
				7DD405AF1E2FFF1700943917 /* Views */,
				7DD405AD1E2FFEE000943917 /* CoreData */,
				7DD405AE1E2FFEF200943917 /* Supporting Files */,
			);
			path = DownloadingImages;
			sourceTree = "<group>";
		};
		7DD405A11E2FFECF00943917 /* DownloadingImagesTests */ = {
			isa = PBXGroup;
			children = (
				7DD405A21E2FFECF00943917 /* DownloadingImagesTests.swift */,
				7DD405A41E2FFECF00943917 /* Info.plist */,
			);
			path = DownloadingImagesTests;
			sourceTree = "<group>";
		};
		7DD405AD1E2FFEE000943917 /* CoreData */ = {
			isa = PBXGroup;
			children = (
				7DD405911E2FFECF00943917 /* DownloadingImages.xcdatamodeld */,
			);
			name = CoreData;
			sourceTree = "<group>";
		};
		7DD405AE1E2FFEF200943917 /* Supporting Files */ = {
			isa = PBXGroup;
			children = (
				7DD405991E2FFECF00943917 /* Info.plist */,
				7DD405941E2FFECF00943917 /* Assets.xcassets */,
			);
			name = "Supporting Files";
			sourceTree = "<group>";
		};
		7DD405AF1E2FFF1700943917 /* Views */ = {
			isa = PBXGroup;
			children = (
				7DD405BE1E301F5200943917 /* MovieView.swift */,
				7DD405BC1E30153C00943917 /* MovieView.xib */,
				7DD4058E1E2FFECF00943917 /* Main.storyboard */,
				7DD405961E2FFECF00943917 /* LaunchScreen.storyboard */,
			);
			name = Views;
			sourceTree = "<group>";
		};
		7DD405B01E2FFF1F00943917 /* ViewControllers */ = {
			isa = PBXGroup;
			children = (
				7DD4058C1E2FFECF00943917 /* ViewController.swift */,
			);
			name = ViewControllers;
			sourceTree = "<group>";
		};
		7DD405B11E2FFF4500943917 /* Models */ = {
			isa = PBXGroup;
			children = (
				7DD4058A1E2FFECF00943917 /* AppDelegate.swift */,
				7DD405B21E30000200943917 /* CoreDataStack.swift */,
				7DD405B41E3003D000943917 /* MovieMethods.swift */,
				7DD405C01E3023CD00943917 /* MovieResult.swift */,
				7DD405C51E310BB800943917 /* MovieImageResult.swift */,
				7DD405C21E310AF900943917 /* MovieAPIManager.swift */,
				7DD405BA1E30148700943917 /* UIImageExtensions.swift */,
				7D3FF3941E344C3800B6657B /* MovieManager.swift */,
			);
			name = Models;
			sourceTree = "<group>";
		};
/* End PBXGroup section */

/* Begin PBXNativeTarget section */
		7DD405861E2FFECF00943917 /* DownloadingImages */ = {
			isa = PBXNativeTarget;
			buildConfigurationList = 7DD405A71E2FFECF00943917 /* Build configuration list for PBXNativeTarget "DownloadingImages" */;
			buildPhases = (
				7DD405831E2FFECF00943917 /* Sources */,
				7DD405841E2FFECF00943917 /* Frameworks */,
				7DD405851E2FFECF00943917 /* Resources */,
			);
			buildRules = (
			);
			dependencies = (
			);
			name = DownloadingImages;
			productName = DownloadingImages;
			productReference = 7DD405871E2FFECF00943917 /* DownloadingImages.app */;
			productType = "com.apple.product-type.application";
		};
		7DD4059D1E2FFECF00943917 /* DownloadingImagesTests */ = {
			isa = PBXNativeTarget;
			buildConfigurationList = 7DD405AA1E2FFECF00943917 /* Build configuration list for PBXNativeTarget "DownloadingImagesTests" */;
			buildPhases = (
				7DD4059A1E2FFECF00943917 /* Sources */,
				7DD4059B1E2FFECF00943917 /* Frameworks */,
				7DD4059C1E2FFECF00943917 /* Resources */,
			);
			buildRules = (
			);
			dependencies = (
				7DD405A01E2FFECF00943917 /* PBXTargetDependency */,
			);
			name = DownloadingImagesTests;
			productName = DownloadingImagesTests;
			productReference = 7DD4059E1E2FFECF00943917 /* DownloadingImagesTests.xctest */;
			productType = "com.apple.product-type.bundle.unit-test";
		};
/* End PBXNativeTarget section */

/* Begin PBXProject section */
		7DD4057F1E2FFECF00943917 /* Project object */ = {
			isa = PBXProject;
			attributes = {
				LastSwiftUpdateCheck = 0820;
				LastUpgradeCheck = 0820;
				ORGANIZATIONNAME = "Jim Campagno";
				TargetAttributes = {
					7DD405861E2FFECF00943917 = {
						CreatedOnToolsVersion = 8.2.1;
						ProvisioningStyle = Automatic;
					};
					7DD4059D1E2FFECF00943917 = {
						CreatedOnToolsVersion = 8.2.1;
						ProvisioningStyle = Automatic;
						TestTargetID = 7DD405861E2FFECF00943917;
					};
				};
			};
			buildConfigurationList = 7DD405821E2FFECF00943917 /* Build configuration list for PBXProject "DownloadingImages" */;
			compatibilityVersion = "Xcode 3.2";
			developmentRegion = English;
			hasScannedForEncodings = 0;
			knownRegions = (
				en,
				Base,
			);
			mainGroup = 7DD4057E1E2FFECF00943917;
			productRefGroup = 7DD405881E2FFECF00943917 /* Products */;
			projectDirPath = "";
			projectRoot = "";
			targets = (
				7DD405861E2FFECF00943917 /* DownloadingImages */,
				7DD4059D1E2FFECF00943917 /* DownloadingImagesTests */,
			);
		};
/* End PBXProject section */

/* Begin PBXResourcesBuildPhase section */
		7DD405851E2FFECF00943917 /* Resources */ = {
			isa = PBXResourcesBuildPhase;
			buildActionMask = 2147483647;
			files = (
				7DD405981E2FFECF00943917 /* LaunchScreen.storyboard in Resources */,
				7DD405BD1E30153C00943917 /* MovieView.xib in Resources */,
				7DD405951E2FFECF00943917 /* Assets.xcassets in Resources */,
				7DD405901E2FFECF00943917 /* Main.storyboard in Resources */,
			);
			runOnlyForDeploymentPostprocessing = 0;
		};
		7DD4059C1E2FFECF00943917 /* Resources */ = {
			isa = PBXResourcesBuildPhase;
			buildActionMask = 2147483647;
			files = (
			);
			runOnlyForDeploymentPostprocessing = 0;
		};
/* End PBXResourcesBuildPhase section */

/* Begin PBXSourcesBuildPhase section */
		7DD405831E2FFECF00943917 /* Sources */ = {
			isa = PBXSourcesBuildPhase;
			buildActionMask = 2147483647;
			files = (
				7D3FF3951E344C3800B6657B /* MovieManager.swift in Sources */,
				7DD405931E2FFECF00943917 /* DownloadingImages.xcdatamodeld in Sources */,
				7DD405C61E310BB800943917 /* MovieImageResult.swift in Sources */,
				7DD4058D1E2FFECF00943917 /* ViewController.swift in Sources */,
				7DD405BB1E30148700943917 /* UIImageExtensions.swift in Sources */,
				7DD405C31E310AF900943917 /* MovieAPIManager.swift in Sources */,
				7DD4058B1E2FFECF00943917 /* AppDelegate.swift in Sources */,
				7DD405C11E3023CD00943917 /* MovieResult.swift in Sources */,
				7DD405B31E30000200943917 /* CoreDataStack.swift in Sources */,
				7DD405BF1E301F5200943917 /* MovieView.swift in Sources */,
				7DD405B51E3003D000943917 /* MovieMethods.swift in Sources */,
			);
			runOnlyForDeploymentPostprocessing = 0;
		};
		7DD4059A1E2FFECF00943917 /* Sources */ = {
			isa = PBXSourcesBuildPhase;
			buildActionMask = 2147483647;
			files = (
				7DD405A31E2FFECF00943917 /* DownloadingImagesTests.swift in Sources */,
			);
			runOnlyForDeploymentPostprocessing = 0;
		};
/* End PBXSourcesBuildPhase section */

/* Begin PBXTargetDependency section */
		7DD405A01E2FFECF00943917 /* PBXTargetDependency */ = {
			isa = PBXTargetDependency;
			target = 7DD405861E2FFECF00943917 /* DownloadingImages */;
			targetProxy = 7DD4059F1E2FFECF00943917 /* PBXContainerItemProxy */;
		};
/* End PBXTargetDependency section */

/* Begin PBXVariantGroup section */
		7DD4058E1E2FFECF00943917 /* Main.storyboard */ = {
			isa = PBXVariantGroup;
			children = (
				7DD4058F1E2FFECF00943917 /* Base */,
			);
			name = Main.storyboard;
			sourceTree = "<group>";
		};
		7DD405961E2FFECF00943917 /* LaunchScreen.storyboard */ = {
			isa = PBXVariantGroup;
			children = (
				7DD405971E2FFECF00943917 /* Base */,
			);
			name = LaunchScreen.storyboard;
			sourceTree = "<group>";
		};
/* End PBXVariantGroup section */

/* Begin XCBuildConfiguration section */
		7DD405A51E2FFECF00943917 /* Debug */ = {
			isa = XCBuildConfiguration;
			buildSettings = {
				ALWAYS_SEARCH_USER_PATHS = NO;
				CLANG_ANALYZER_NONNULL = YES;
				CLANG_CXX_LANGUAGE_STANDARD = "gnu++0x";
				CLANG_CXX_LIBRARY = "libc++";
				CLANG_ENABLE_MODULES = YES;
				CLANG_ENABLE_OBJC_ARC = YES;
				CLANG_WARN_BOOL_CONVERSION = YES;
				CLANG_WARN_CONSTANT_CONVERSION = YES;
				CLANG_WARN_DIRECT_OBJC_ISA_USAGE = YES_ERROR;
				CLANG_WARN_DOCUMENTATION_COMMENTS = YES;
				CLANG_WARN_EMPTY_BODY = YES;
				CLANG_WARN_ENUM_CONVERSION = YES;
				CLANG_WARN_INFINITE_RECURSION = YES;
				CLANG_WARN_INT_CONVERSION = YES;
				CLANG_WARN_OBJC_ROOT_CLASS = YES_ERROR;
				CLANG_WARN_SUSPICIOUS_MOVE = YES;
				CLANG_WARN_UNREACHABLE_CODE = YES;
				CLANG_WARN__DUPLICATE_METHOD_MATCH = YES;
				"CODE_SIGN_IDENTITY[sdk=iphoneos*]" = "iPhone Developer";
				COPY_PHASE_STRIP = NO;
				DEBUG_INFORMATION_FORMAT = dwarf;
				ENABLE_STRICT_OBJC_MSGSEND = YES;
				ENABLE_TESTABILITY = YES;
				GCC_C_LANGUAGE_STANDARD = gnu99;
				GCC_DYNAMIC_NO_PIC = NO;
				GCC_NO_COMMON_BLOCKS = YES;
				GCC_OPTIMIZATION_LEVEL = 0;
				GCC_PREPROCESSOR_DEFINITIONS = (
					"DEBUG=1",
					"$(inherited)",
				);
				GCC_WARN_64_TO_32_BIT_CONVERSION = YES;
				GCC_WARN_ABOUT_RETURN_TYPE = YES_ERROR;
				GCC_WARN_UNDECLARED_SELECTOR = YES;
				GCC_WARN_UNINITIALIZED_AUTOS = YES_AGGRESSIVE;
				GCC_WARN_UNUSED_FUNCTION = YES;
				GCC_WARN_UNUSED_VARIABLE = YES;
				IPHONEOS_DEPLOYMENT_TARGET = 10.2;
				MTL_ENABLE_DEBUG_INFO = YES;
				ONLY_ACTIVE_ARCH = YES;
				SDKROOT = iphoneos;
				SWIFT_ACTIVE_COMPILATION_CONDITIONS = DEBUG;
				SWIFT_OPTIMIZATION_LEVEL = "-Onone";
			};
			name = Debug;
		};
		7DD405A61E2FFECF00943917 /* Release */ = {
			isa = XCBuildConfiguration;
			buildSettings = {
				ALWAYS_SEARCH_USER_PATHS = NO;
				CLANG_ANALYZER_NONNULL = YES;
				CLANG_CXX_LANGUAGE_STANDARD = "gnu++0x";
				CLANG_CXX_LIBRARY = "libc++";
				CLANG_ENABLE_MODULES = YES;
				CLANG_ENABLE_OBJC_ARC = YES;
				CLANG_WARN_BOOL_CONVERSION = YES;
				CLANG_WARN_CONSTANT_CONVERSION = YES;
				CLANG_WARN_DIRECT_OBJC_ISA_USAGE = YES_ERROR;
				CLANG_WARN_DOCUMENTATION_COMMENTS = YES;
				CLANG_WARN_EMPTY_BODY = YES;
				CLANG_WARN_ENUM_CONVERSION = YES;
				CLANG_WARN_INFINITE_RECURSION = YES;
				CLANG_WARN_INT_CONVERSION = YES;
				CLANG_WARN_OBJC_ROOT_CLASS = YES_ERROR;
				CLANG_WARN_SUSPICIOUS_MOVE = YES;
				CLANG_WARN_UNREACHABLE_CODE = YES;
				CLANG_WARN__DUPLICATE_METHOD_MATCH = YES;
				"CODE_SIGN_IDENTITY[sdk=iphoneos*]" = "iPhone Developer";
				COPY_PHASE_STRIP = NO;
				DEBUG_INFORMATION_FORMAT = "dwarf-with-dsym";
				ENABLE_NS_ASSERTIONS = NO;
				ENABLE_STRICT_OBJC_MSGSEND = YES;
				GCC_C_LANGUAGE_STANDARD = gnu99;
				GCC_NO_COMMON_BLOCKS = YES;
				GCC_WARN_64_TO_32_BIT_CONVERSION = YES;
				GCC_WARN_ABOUT_RETURN_TYPE = YES_ERROR;
				GCC_WARN_UNDECLARED_SELECTOR = YES;
				GCC_WARN_UNINITIALIZED_AUTOS = YES_AGGRESSIVE;
				GCC_WARN_UNUSED_FUNCTION = YES;
				GCC_WARN_UNUSED_VARIABLE = YES;
				IPHONEOS_DEPLOYMENT_TARGET = 10.2;
				MTL_ENABLE_DEBUG_INFO = NO;
				SDKROOT = iphoneos;
				SWIFT_OPTIMIZATION_LEVEL = "-Owholemodule";
				VALIDATE_PRODUCT = YES;
			};
			name = Release;
		};
		7DD405A81E2FFECF00943917 /* Debug */ = {
			isa = XCBuildConfiguration;
			buildSettings = {
				ASSETCATALOG_COMPILER_APPICON_NAME = AppIcon;
				INFOPLIST_FILE = DownloadingImages/Info.plist;
				LD_RUNPATH_SEARCH_PATHS = "$(inherited) @executable_path/Frameworks";
				PRODUCT_BUNDLE_IDENTIFIER = com.JimCampagno.Swift.DownloadingImages;
				PRODUCT_NAME = "$(TARGET_NAME)";
				SWIFT_VERSION = 3.0;
			};
			name = Debug;
		};
		7DD405A91E2FFECF00943917 /* Release */ = {
			isa = XCBuildConfiguration;
			buildSettings = {
				ASSETCATALOG_COMPILER_APPICON_NAME = AppIcon;
				INFOPLIST_FILE = DownloadingImages/Info.plist;
				LD_RUNPATH_SEARCH_PATHS = "$(inherited) @executable_path/Frameworks";
				PRODUCT_BUNDLE_IDENTIFIER = com.JimCampagno.Swift.DownloadingImages;
				PRODUCT_NAME = "$(TARGET_NAME)";
				SWIFT_VERSION = 3.0;
			};
			name = Release;
		};
		7DD405AB1E2FFECF00943917 /* Debug */ = {
			isa = XCBuildConfiguration;
			buildSettings = {
				ALWAYS_EMBED_SWIFT_STANDARD_LIBRARIES = YES;
				BUNDLE_LOADER = "$(TEST_HOST)";
				INFOPLIST_FILE = DownloadingImagesTests/Info.plist;
				LD_RUNPATH_SEARCH_PATHS = "$(inherited) @executable_path/Frameworks @loader_path/Frameworks";
				PRODUCT_BUNDLE_IDENTIFIER = com.JimCampagno.Swift.DownloadingImagesTests;
				PRODUCT_NAME = "$(TARGET_NAME)";
				SWIFT_VERSION = 3.0;
				TEST_HOST = "$(BUILT_PRODUCTS_DIR)/DownloadingImages.app/DownloadingImages";
			};
			name = Debug;
		};
		7DD405AC1E2FFECF00943917 /* Release */ = {
			isa = XCBuildConfiguration;
			buildSettings = {
				ALWAYS_EMBED_SWIFT_STANDARD_LIBRARIES = YES;
				BUNDLE_LOADER = "$(TEST_HOST)";
				INFOPLIST_FILE = DownloadingImagesTests/Info.plist;
				LD_RUNPATH_SEARCH_PATHS = "$(inherited) @executable_path/Frameworks @loader_path/Frameworks";
				PRODUCT_BUNDLE_IDENTIFIER = com.JimCampagno.Swift.DownloadingImagesTests;
				PRODUCT_NAME = "$(TARGET_NAME)";
				SWIFT_VERSION = 3.0;
				TEST_HOST = "$(BUILT_PRODUCTS_DIR)/DownloadingImages.app/DownloadingImages";
			};
			name = Release;
		};
/* End XCBuildConfiguration section */

/* Begin XCConfigurationList section */
		7DD405821E2FFECF00943917 /* Build configuration list for PBXProject "DownloadingImages" */ = {
			isa = XCConfigurationList;
			buildConfigurations = (
				7DD405A51E2FFECF00943917 /* Debug */,
				7DD405A61E2FFECF00943917 /* Release */,
			);
			defaultConfigurationIsVisible = 0;
			defaultConfigurationName = Release;
		};
		7DD405A71E2FFECF00943917 /* Build configuration list for PBXNativeTarget "DownloadingImages" */ = {
			isa = XCConfigurationList;
			buildConfigurations = (
				7DD405A81E2FFECF00943917 /* Debug */,
				7DD405A91E2FFECF00943917 /* Release */,
			);
			defaultConfigurationIsVisible = 0;
			defaultConfigurationName = Release;
		};
		7DD405AA1E2FFECF00943917 /* Build configuration list for PBXNativeTarget "DownloadingImagesTests" */ = {
			isa = XCConfigurationList;
			buildConfigurations = (
				7DD405AB1E2FFECF00943917 /* Debug */,
				7DD405AC1E2FFECF00943917 /* Release */,
			);
			defaultConfigurationIsVisible = 0;
			defaultConfigurationName = Release;
		};
/* End XCConfigurationList section */

/* Begin XCVersionGroup section */
		7DD405911E2FFECF00943917 /* DownloadingImages.xcdatamodeld */ = {
			isa = XCVersionGroup;
			children = (
				7DD405921E2FFECF00943917 /* DownloadingImages.xcdatamodel */,
			);
			currentVersion = 7DD405921E2FFECF00943917 /* DownloadingImages.xcdatamodel */;
			path = DownloadingImages.xcdatamodeld;
			sourceTree = "<group>";
			versionGroupType = wrapper.xcdatamodel;
		};
/* End XCVersionGroup section */
	};
	rootObject = 7DD4057F1E2FFECF00943917 /* Project object */;
}
